PODS:
  - IFAFoundation (1.2.0)
  - IFATestingSupport (1.0.3):
    - OCHamcrest (~> 4)
    - OCMock (~> 3)
  - OCHamcrest (4.3.0)
  - OCMock (3.2)

DEPENDENCIES:
  - IFAFoundation
  - IFATestingSupport
  - OCHamcrest
  - OCMock

SPEC CHECKSUMS:
  IFAFoundation: 4478fb8b6c9d03f78d69aea94a9cdb65321a1f46
  IFATestingSupport: 6558e25b6d4bac3fc11caec7ffe05e6e4bfbca77
  OCHamcrest: cd63d27f48a266d4412c0b295b01b8f0940efa81
  OCMock: 28def049ef47f996b515a8eeea958be7ccab2dbb

PODFILE CHECKSUM: 9b537ade41792254f8eb2516f0c475231f5be4c1

COCOAPODS: 1.2.1
